
Microsoft Visual Studio Solution File, Format Version 12.00
# Visual Studio Version 16
VisualStudioVersion = 16.0.30011.22
MinimumVisualStudioVersion = 10.0.40219.1
Project("{8BC9CEB8-8B4A-11D0-8D11-00A0C91BC942}") = "Homeworks_No3", "Homeworks_No3.vcxproj", "{57C50C8F-70F0-4AA9-9AFD-46C4A282FF3F}"
EndProject
Global
	GlobalSection(SolutionConfigurationPlatforms) = preSolution
		Debug|x64 = Debug|x64
		Debug|x86 = Debug|x86
		Release|x64 = Release|x64
		Release|x86 = Release|x86
	EndGlobalSection
	GlobalSection(ProjectConfigurationPlatforms) = postSolution
		{57C50C8F-70F0-4AA9-9AFD-46C4A282FF3F}.Debug|x64.ActiveCfg = Debug|x64
		{57C50C8F-70F0-4AA9-9AFD-46C4A282FF3F}.Debug|x64.Build.0 = Debug|x64
		{57C50C8F-70F0-4AA9-9AFD-46C4A282FF3F}.Debug|x86.ActiveCfg = Debug|Win32
		{57C50C8F-70F0-4AA9-9AFD-46C4A282FF3F}.Debug|x86.Build.0 = Debug|Win32
		{57C50C8F-70F0-4AA9-9AFD-46C4A282FF3F}.Release|x64.ActiveCfg = Release|x64
		{57C50C8F-70F0-4AA9-9AFD-46C4A282FF3F}.Release|x64.Build.0 = Release|x64
		{57C50C8F-70F0-4AA9-9AFD-46C4A282FF3F}.Release|x86.ActiveCfg = Release|Win32
		{57C50C8F-70F0-4AA9-9AFD-46C4A282FF3F}.Release|x86.Build.0 = Release|Win32
	EndGlobalSection
	GlobalSection(SolutionProperties) = preSolution
		HideSolutionNode = FALSE
	EndGlobalSection
	GlobalSection(ExtensibilityGlobals) = postSolution
		SolutionGuid = {446E6CC9-D9E3-4786-83CE-D85AD4BA774D}
	EndGlobalSection
EndGlobal
